
Microsoft Visual Studio Solution File, Format Version 12.00
# Visual Studio Version 16
VisualStudioVersion = 16.0.32602.291
MinimumVisualStudioVersion = 10.0.40219.1
Project("{FAE04EC0-301F-11D3-BF4B-00C04F79EFBC}") = "BestChoiceQatar", "BestChoiceQatar\BestChoiceQatar.csproj", "{2AFBAE4E-DC40-4B0A-982C-DB83597FAE9B}"
EndProject
Global
	GlobalSection(SolutionConfigurationPlatforms) = preSolution
		Debug|Any CPU = Debug|Any CPU
		Release|Any CPU = Release|Any CPU
	EndGlobalSection
	GlobalSection(ProjectConfigurationPlatforms) = postSolution
		{2AFBAE4E-DC40-4B0A-982C-DB83597FAE9B}.Debug|Any CPU.ActiveCfg = Debug|Any CPU
		{2AFBAE4E-DC40-4B0A-982C-DB83597FAE9B}.Debug|Any CPU.Build.0 = Debug|Any CPU
		{2AFBAE4E-DC40-4B0A-982C-DB83597FAE9B}.Release|Any CPU.ActiveCfg = Release|Any CPU
		{2AFBAE4E-DC40-4B0A-982C-DB83597FAE9B}.Release|Any CPU.Build.0 = Release|Any CPU
	EndGlobalSection
	GlobalSection(SolutionProperties) = preSolution
		HideSolutionNode = FALSE
	EndGlobalSection
	GlobalSection(ExtensibilityGlobals) = postSolution
		SolutionGuid = {A0179710-0E63-4FDA-87C7-C6E30C8B5E65}
	EndGlobalSection
EndGlobal
